// !$*UTF8*$!
{
	archiveVersion = 1;
	classes = {};
	objectVersion = 56;
	objects = {
	// Импортированные исходники
	1 /* ContentView.swift */ = {isa = PBXFileReference; lastKnownFileType = sourcecode.swift; path = ContentView.swift; sourceTree = "<group>"; };
	2 /* SimpleHelloApp.swift */ = {isa = PBXFileReference; lastKnownFileType = sourcecode.swift; path = SimpleHelloApp.swift; sourceTree = "<group>"; };
	3 /* Info.plist */ = {isa = PBXFileReference; lastKnownFileType = text.plist.xml; path = Info.plist; sourceTree = "<group>"; };
	4 /* SimpleHello.app */ = {isa = PBXFileReference; explicitFileType = wrapper.application; includeInIndex = 0; path = SimpleHello.app; sourceTree = BUILT_PRODUCTS_DIR; };
	// 1 группа — все исходники
	10 = {
		isa = PBXGroup;
		children = (1,2,3);
		path = "";
		sourceTree = "<group>";
	};
	20 = {
		isa = PBXGroup;
		children = (10,4);
		path = "";
		sourceTree = "<group>";
	};
	// Target build sources phase
	30 = {isa = PBXSourcesBuildPhase; buildActionMask = 2147483647; files = (1001,1002); runOnlyForDeploymentPostprocessing = 0; };
	// Build files for phase
	1001 = {isa = PBXBuildFile; fileRef = 1; };
	1002 = {isa = PBXBuildFile; fileRef = 2; };
	// Target
	200 = {
		isa = PBXNativeTarget;
		buildConfigurationList = 10001;
		buildPhases = (30);
		buildRules = ();
		dependencies = ();
		name = SimpleHello;
		productName = SimpleHello;
		productReference = 4;
		productType = "com.apple.product-type.application";
	};
	// Project секция
	500 = {
		isa = PBXProject;
		attributes = {LastUpgradeCheck = 1400; ORGANIZATIONNAME = "SimpleHello";};
		buildConfigurationList = 10000;
		compatibilityVersion = "Xcode 13.0";
		developmentRegion = en;
		mainGroup = 20;
		projectDirPath = "";
		projectRoot = "";
		targets = (200);
	};
	// Build конфиги Debug/Release для проекта и target-а
	10000 = {isa = XCConfigurationList; buildConfigurations = (10100,10101); defaultConfigurationName = Release; };
	10001 = {isa = XCConfigurationList; buildConfigurations = (10100,10101); defaultConfigurationName = Release; };
	10100 = {isa = XCBuildConfiguration; buildSettings = {
PRODUCT_BUNDLE_IDENTIFIER = "com.example.SimpleHello";
INFOPLIST_FILE = Info.plist;
SDKROOT = iphoneos;
SWIFT_VERSION = 5.0;
SUPPORTED_PLATFORMS = "iphonesimulator iphoneos";
TARGETED_DEVICE_FAMILY = "1,2";
IPHONEOS_DEPLOYMENT_TARGET = 15.0;
CODE_SIGN_STYLE = Automatic;
DEVELOPMENT_TEAM = ABC1234567;
}; name = Debug; };
	10101 = {isa = XCBuildConfiguration; buildSettings = {
PRODUCT_BUNDLE_IDENTIFIER = "com.example.SimpleHello";
INFOPLIST_FILE = Info.plist;
SDKROOT = iphoneos;
SWIFT_VERSION = 5.0;
SUPPORTED_PLATFORMS = "iphonesimulator iphoneos";
TARGETED_DEVICE_FAMILY = "1,2";
IPHONEOS_DEPLOYMENT_TARGET = 15.0;
CODE_SIGN_STYLE = Automatic;
DEVELOPMENT_TEAM = ABC1234567;
}; name = Release; };
	};
	rootObject = 500;
}
